
Microsoft Visual Studio Solution File, Format Version 12.00
Project("{FAE04EC0-301F-11D3-BF4B-00C04F79EFBC}") = "MyNotes", "MyNotes\MyNotes.csproj", "{29E7E441-5F18-4770-8FAE-CE7CB72D2E98}"
EndProject
Project("{2150E333-8FDC-42A3-9474-1A3956D46DE8}") = "Solution Items", "Solution Items", "{39DAC3CA-ABD1-4DCD-89DC-9F6067AD11C7}"
	ProjectSection(SolutionItems) = preProject
		compose.yaml = compose.yaml
	EndProjectSection
EndProject
Global
	GlobalSection(SolutionConfigurationPlatforms) = preSolution
		Debug|Any CPU = Debug|Any CPU
		Release|Any CPU = Release|Any CPU
	EndGlobalSection
	GlobalSection(ProjectConfigurationPlatforms) = postSolution
		{29E7E441-5F18-4770-8FAE-CE7CB72D2E98}.Debug|Any CPU.ActiveCfg = Debug|Any CPU
		{29E7E441-5F18-4770-8FAE-CE7CB72D2E98}.Debug|Any CPU.Build.0 = Debug|Any CPU
		{29E7E441-5F18-4770-8FAE-CE7CB72D2E98}.Release|Any CPU.ActiveCfg = Release|Any CPU
		{29E7E441-5F18-4770-8FAE-CE7CB72D2E98}.Release|Any CPU.Build.0 = Release|Any CPU
	EndGlobalSection
EndGlobal
